{
  "requires": true,
  "lockfileVersion": 1,
  "dependencies": {
    "console-grid": {
      "version": "1.0.16",
      "resolved": "https://registry.npmjs.org/console-grid/-/console-grid-1.0.16.tgz",
      "integrity": "sha512-1W+KHJ3aqqwT5OwKme1OEc/3cYJCR3rc23gn47Lml2ZRpF6I2ozs12LkqsDFfAZ7ErcGllUWC5aZnJ7zeU9LtA=="
    },
    "prettier": {
      "version": "2.0.5",
      "resolved": "https://registry.npmjs.org/prettier/-/prettier-2.0.5.tgz",
      "integrity": "sha512-7PtVymN48hGcO4fGjybyBSIWDsLU4H4XlvOHfq91pz9kkGlonzwTfYkaIEwiRg/dAJF9YlbsduBAgtYLi+8cFg=="
    }
  }
}
